
Microsoft Visual Studio Solution File, Format Version 12.00
# Visual Studio Version 16
VisualStudioVersion = 16.0.29020.237
MinimumVisualStudioVersion = 10.0.40219.1
Project("{8BC9CEB8-8B4A-11D0-8D11-00A0C91BC942}") = "Lab0", "Lab0.vcxproj", "{81D8B7E7-824C-4805-AA56-DFC795AD2217}"
EndProject
Global
	GlobalSection(SolutionConfigurationPlatforms) = preSolution
		Debug|x86 = Debug|x86
		Release|x86 = Release|x86
	EndGlobalSection
	GlobalSection(ProjectConfigurationPlatforms) = postSolution
		{81D8B7E7-824C-4805-AA56-DFC795AD2217}.Debug|x86.ActiveCfg = Debug|Win32
		{81D8B7E7-824C-4805-AA56-DFC795AD2217}.Debug|x86.Build.0 = Debug|Win32
		{81D8B7E7-824C-4805-AA56-DFC795AD2217}.Release|x86.ActiveCfg = Release|Win32
		{81D8B7E7-824C-4805-AA56-DFC795AD2217}.Release|x86.Build.0 = Release|Win32
	EndGlobalSection
	GlobalSection(SolutionProperties) = preSolution
		HideSolutionNode = FALSE
	EndGlobalSection
	GlobalSection(ExtensibilityGlobals) = postSolution
		SolutionGuid = {1AAA45C0-58BF-46EE-8650-C5A271E7B9C5}
	EndGlobalSection
EndGlobal
